// !$*UTF8*$!
{
	archiveVersion = 1;
	classes = {
	};
	objectVersion = 46;
	objects = {

/* Begin PBXBuildFile section */
		4E08CC431DD6B05F0019384B /* Private.swift in Sources */ = {isa = PBXBuildFile; fileRef = 4E08CC421DD6B05F0019384B /* Private.swift */; };
		4EF161521DB9B9F000934B85 /* AppDelegate.swift in Sources */ = {isa = PBXBuildFile; fileRef = 4EF161511DB9B9F000934B85 /* AppDelegate.swift */; };
		4EF161541DB9B9F000934B85 /* ViewController.swift in Sources */ = {isa = PBXBuildFile; fileRef = 4EF161531DB9B9F000934B85 /* ViewController.swift */; };
		4EF161591DB9B9F000934B85 /* Assets.xcassets in Resources */ = {isa = PBXBuildFile; fileRef = 4EF161581DB9B9F000934B85 /* Assets.xcassets */; };
		4EF1615C1DB9B9F000934B85 /* LaunchScreen.storyboard in Resources */ = {isa = PBXBuildFile; fileRef = 4EF1615A1DB9B9F000934B85 /* LaunchScreen.storyboard */; };
		F493EE528D03D0F2AA96602F /* Pods_Phlickr.framework in Frameworks */ = {isa = PBXBuildFile; fileRef = EB08E6E28EDC7541E38D1C97 /* Pods_Phlickr.framework */; };
/* End PBXBuildFile section */

/* Begin PBXFileReference section */
		4E08CC421DD6B05F0019384B /* Private.swift */ = {isa = PBXFileReference; fileEncoding = 4; lastKnownFileType = sourcecode.swift; path = Private.swift; sourceTree = "<group>"; };
		4EF1614E1DB9B9F000934B85 /* Phlickr.app */ = {isa = PBXFileReference; explicitFileType = wrapper.application; includeInIndex = 0; path = Phlickr.app; sourceTree = BUILT_PRODUCTS_DIR; };
		4EF161511DB9B9F000934B85 /* AppDelegate.swift */ = {isa = PBXFileReference; lastKnownFileType = sourcecode.swift; path = AppDelegate.swift; sourceTree = "<group>"; };
		4EF161531DB9B9F000934B85 /* ViewController.swift */ = {isa = PBXFileReference; lastKnownFileType = sourcecode.swift; path = ViewController.swift; sourceTree = "<group>"; };
		4EF161581DB9B9F000934B85 /* Assets.xcassets */ = {isa = PBXFileReference; lastKnownFileType = folder.assetcatalog; path = Assets.xcassets; sourceTree = "<group>"; };
		4EF1615B1DB9B9F000934B85 /* Base */ = {isa = PBXFileReference; lastKnownFileType = file.storyboard; name = Base; path = Base.lproj/LaunchScreen.storyboard; sourceTree = "<group>"; };
		4EF1615D1DB9B9F000934B85 /* Info.plist */ = {isa = PBXFileReference; lastKnownFileType = text.plist.xml; path = Info.plist; sourceTree = "<group>"; };
		8C0E2350E07655A152E23A1B /* Pods-Phlickr.release.xcconfig */ = {isa = PBXFileReference; includeInIndex = 1; lastKnownFileType = text.xcconfig; name = "Pods-Phlickr.release.xcconfig"; path = "Pods/Target Support Files/Pods-Phlickr/Pods-Phlickr.release.xcconfig"; sourceTree = "<group>"; };
		BC9570B0E244706938252B06 /* Pods-Phlickr.debug.xcconfig */ = {isa = PBXFileReference; includeInIndex = 1; lastKnownFileType = text.xcconfig; name = "Pods-Phlickr.debug.xcconfig"; path = "Pods/Target Support Files/Pods-Phlickr/Pods-Phlickr.debug.xcconfig"; sourceTree = "<group>"; };
		EB08E6E28EDC7541E38D1C97 /* Pods_Phlickr.framework */ = {isa = PBXFileReference; explicitFileType = wrapper.framework; includeInIndex = 0; path = Pods_Phlickr.framework; sourceTree = BUILT_PRODUCTS_DIR; };
/* End PBXFileReference section */

/* Begin PBXFrameworksBuildPhase section */
		4EF1614B1DB9B9F000934B85 /* Frameworks */ = {
			isa = PBXFrameworksBuildPhase;
			buildActionMask = 2147483647;
			files = (
				F493EE528D03D0F2AA96602F /* Pods_Phlickr.framework in Frameworks */,
			);
			runOnlyForDeploymentPostprocessing = 0;
		};
/* End PBXFrameworksBuildPhase section */

/* Begin PBXGroup section */
		386CD711AA09DF58669756D7 /* Frameworks */ = {
			isa = PBXGroup;
			children = (
				EB08E6E28EDC7541E38D1C97 /* Pods_Phlickr.framework */,
			);
			name = Frameworks;
			sourceTree = "<group>";
		};
		4EF161451DB9B9F000934B85 = {
			isa = PBXGroup;
			children = (
				4EF161501DB9B9F000934B85 /* Phlickr */,
				4EF1614F1DB9B9F000934B85 /* Products */,
				D10DA3ED707E1AC5CE185CD5 /* Pods */,
				386CD711AA09DF58669756D7 /* Frameworks */,
			);
			sourceTree = "<group>";
		};
		4EF1614F1DB9B9F000934B85 /* Products */ = {
			isa = PBXGroup;
			children = (
				4EF1614E1DB9B9F000934B85 /* Phlickr.app */,
			);
			name = Products;
			sourceTree = "<group>";
		};
		4EF161501DB9B9F000934B85 /* Phlickr */ = {
			isa = PBXGroup;
			children = (
				4EF161511DB9B9F000934B85 /* AppDelegate.swift */,
				4EF161531DB9B9F000934B85 /* ViewController.swift */,
				4EF161581DB9B9F000934B85 /* Assets.xcassets */,
				4EF1615A1DB9B9F000934B85 /* LaunchScreen.storyboard */,
				4EF1615D1DB9B9F000934B85 /* Info.plist */,
				4E08CC421DD6B05F0019384B /* Private.swift */,
			);
			path = Phlickr;
			sourceTree = "<group>";
		};
		D10DA3ED707E1AC5CE185CD5 /* Pods */ = {
			isa = PBXGroup;
			children = (
				BC9570B0E244706938252B06 /* Pods-Phlickr.debug.xcconfig */,
				8C0E2350E07655A152E23A1B /* Pods-Phlickr.release.xcconfig */,
			);
			name = Pods;
			sourceTree = "<group>";
		};
/* End PBXGroup section */

/* Begin PBXNativeTarget section */
		4EF1614D1DB9B9F000934B85 /* Phlickr */ = {
			isa = PBXNativeTarget;
			buildConfigurationList = 4EF161601DB9B9F000934B85 /* Build configuration list for PBXNativeTarget "Phlickr" */;
			buildPhases = (
				1B09F82E1347697CC02E2849 /* [CP] Check Pods Manifest.lock */,
				4EF1614A1DB9B9F000934B85 /* Sources */,
				4EF1614B1DB9B9F000934B85 /* Frameworks */,
				4EF1614C1DB9B9F000934B85 /* Resources */,
				1A7443831222E8CFDE989FDB /* [CP] Embed Pods Frameworks */,
				74F24EA13F99AA5D386512A5 /* [CP] Copy Pods Resources */,
			);
			buildRules = (
			);
			dependencies = (
			);
			name = Phlickr;
			productName = Phlickr;
			productReference = 4EF1614E1DB9B9F000934B85 /* Phlickr.app */;
			productType = "com.apple.product-type.application";
		};
/* End PBXNativeTarget section */

/* Begin PBXProject section */
		4EF161461DB9B9F000934B85 /* Project object */ = {
			isa = PBXProject;
			attributes = {
				LastSwiftUpdateCheck = 0730;
				LastUpgradeCheck = 0730;
				ORGANIZATIONNAME = "Garric Nahapetian";
				TargetAttributes = {
					4EF1614D1DB9B9F000934B85 = {
						CreatedOnToolsVersion = 7.3.1;
					};
				};
			};
			buildConfigurationList = 4EF161491DB9B9F000934B85 /* Build configuration list for PBXProject "Phlickr" */;
			compatibilityVersion = "Xcode 3.2";
			developmentRegion = English;
			hasScannedForEncodings = 0;
			knownRegions = (
				en,
				Base,
			);
			mainGroup = 4EF161451DB9B9F000934B85;
			productRefGroup = 4EF1614F1DB9B9F000934B85 /* Products */;
			projectDirPath = "";
			projectRoot = "";
			targets = (
				4EF1614D1DB9B9F000934B85 /* Phlickr */,
			);
		};
/* End PBXProject section */

/* Begin PBXResourcesBuildPhase section */
		4EF1614C1DB9B9F000934B85 /* Resources */ = {
			isa = PBXResourcesBuildPhase;
			buildActionMask = 2147483647;
			files = (
				4EF1615C1DB9B9F000934B85 /* LaunchScreen.storyboard in Resources */,
				4EF161591DB9B9F000934B85 /* Assets.xcassets in Resources */,
			);
			runOnlyForDeploymentPostprocessing = 0;
		};
/* End PBXResourcesBuildPhase section */

/* Begin PBXShellScriptBuildPhase section */
		1A7443831222E8CFDE989FDB /* [CP] Embed Pods Frameworks */ = {
			isa = PBXShellScriptBuildPhase;
			buildActionMask = 2147483647;
			files = (
			);
			inputPaths = (
			);
			name = "[CP] Embed Pods Frameworks";
			outputPaths = (
			);
			runOnlyForDeploymentPostprocessing = 0;
			shellPath = /bin/sh;
			shellScript = "\"${SRCROOT}/Pods/Target Support Files/Pods-Phlickr/Pods-Phlickr-frameworks.sh\"\n";
			showEnvVarsInLog = 0;
		};
		1B09F82E1347697CC02E2849 /* [CP] Check Pods Manifest.lock */ = {
			isa = PBXShellScriptBuildPhase;
			buildActionMask = 2147483647;
			files = (
			);
			inputPaths = (
			);
			name = "[CP] Check Pods Manifest.lock";
			outputPaths = (
			);
			runOnlyForDeploymentPostprocessing = 0;
			shellPath = /bin/sh;
			shellScript = "diff \"${PODS_ROOT}/../Podfile.lock\" \"${PODS_ROOT}/Manifest.lock\" > /dev/null\nif [[ $? != 0 ]] ; then\n    cat << EOM\nerror: The sandbox is not in sync with the Podfile.lock. Run 'pod install' or update your CocoaPods installation.\nEOM\n    exit 1\nfi\n";
			showEnvVarsInLog = 0;
		};
		74F24EA13F99AA5D386512A5 /* [CP] Copy Pods Resources */ = {
			isa = PBXShellScriptBuildPhase;
			buildActionMask = 2147483647;
			files = (
			);
			inputPaths = (
			);
			name = "[CP] Copy Pods Resources";
			outputPaths = (
			);
			runOnlyForDeploymentPostprocessing = 0;
			shellPath = /bin/sh;
			shellScript = "\"${SRCROOT}/Pods/Target Support Files/Pods-Phlickr/Pods-Phlickr-resources.sh\"\n";
			showEnvVarsInLog = 0;
		};
/* End PBXShellScriptBuildPhase section */

/* Begin PBXSourcesBuildPhase section */
		4EF1614A1DB9B9F000934B85 /* Sources */ = {
			isa = PBXSourcesBuildPhase;
			buildActionMask = 2147483647;
			files = (
				4EF161541DB9B9F000934B85 /* ViewController.swift in Sources */,
				4EF161521DB9B9F000934B85 /* AppDelegate.swift in Sources */,
				4E08CC431DD6B05F0019384B /* Private.swift in Sources */,
			);
			runOnlyForDeploymentPostprocessing = 0;
		};
/* End PBXSourcesBuildPhase section */

/* Begin PBXVariantGroup section */
		4EF1615A1DB9B9F000934B85 /* LaunchScreen.storyboard */ = {
			isa = PBXVariantGroup;
			children = (
				4EF1615B1DB9B9F000934B85 /* Base */,
			);
			name = LaunchScreen.storyboard;
			sourceTree = "<group>";
		};
/* End PBXVariantGroup section */

/* Begin XCBuildConfiguration section */
		4EF1615E1DB9B9F000934B85 /* Debug */ = {
			isa = XCBuildConfiguration;
			buildSettings = {
				ALWAYS_SEARCH_USER_PATHS = NO;
				CLANG_ANALYZER_NONNULL = YES;
				CLANG_CXX_LANGUAGE_STANDARD = "gnu++0x";
				CLANG_CXX_LIBRARY = "libc++";
				CLANG_ENABLE_MODULES = YES;
				CLANG_ENABLE_OBJC_ARC = YES;
				CLANG_WARN_BOOL_CONVERSION = YES;
				CLANG_WARN_CONSTANT_CONVERSION = YES;
				CLANG_WARN_DIRECT_OBJC_ISA_USAGE = YES_ERROR;
				CLANG_WARN_EMPTY_BODY = YES;
				CLANG_WARN_ENUM_CONVERSION = YES;
				CLANG_WARN_INT_CONVERSION = YES;
				CLANG_WARN_OBJC_ROOT_CLASS = YES_ERROR;
				CLANG_WARN_UNREACHABLE_CODE = YES;
				CLANG_WARN__DUPLICATE_METHOD_MATCH = YES;
				"CODE_SIGN_IDENTITY[sdk=iphoneos*]" = "iPhone Developer";
				COPY_PHASE_STRIP = NO;
				DEBUG_INFORMATION_FORMAT = dwarf;
				ENABLE_STRICT_OBJC_MSGSEND = YES;
				ENABLE_TESTABILITY = YES;
				GCC_C_LANGUAGE_STANDARD = gnu99;
				GCC_DYNAMIC_NO_PIC = NO;
				GCC_NO_COMMON_BLOCKS = YES;
				GCC_OPTIMIZATION_LEVEL = 0;
				GCC_PREPROCESSOR_DEFINITIONS = (
					"DEBUG=1",
					"$(inherited)",
				);
				GCC_WARN_64_TO_32_BIT_CONVERSION = YES;
				GCC_WARN_ABOUT_RETURN_TYPE = YES_ERROR;
				GCC_WARN_UNDECLARED_SELECTOR = YES;
				GCC_WARN_UNINITIALIZED_AUTOS = YES_AGGRESSIVE;
				GCC_WARN_UNUSED_FUNCTION = YES;
				GCC_WARN_UNUSED_VARIABLE = YES;
				IPHONEOS_DEPLOYMENT_TARGET = 9.3;
				MTL_ENABLE_DEBUG_INFO = YES;
				ONLY_ACTIVE_ARCH = YES;
				SDKROOT = iphoneos;
				SWIFT_OPTIMIZATION_LEVEL = "-Onone";
			};
			name = Debug;
		};
		4EF1615F1DB9B9F000934B85 /* Release */ = {
			isa = XCBuildConfiguration;
			buildSettings = {
				ALWAYS_SEARCH_USER_PATHS = NO;
				CLANG_ANALYZER_NONNULL = YES;
				CLANG_CXX_LANGUAGE_STANDARD = "gnu++0x";
				CLANG_CXX_LIBRARY = "libc++";
				CLANG_ENABLE_MODULES = YES;
				CLANG_ENABLE_OBJC_ARC = YES;
				CLANG_WARN_BOOL_CONVERSION = YES;
				CLANG_WARN_CONSTANT_CONVERSION = YES;
				CLANG_WARN_DIRECT_OBJC_ISA_USAGE = YES_ERROR;
				CLANG_WARN_EMPTY_BODY = YES;
				CLANG_WARN_ENUM_CONVERSION = YES;
				CLANG_WARN_INT_CONVERSION = YES;
				CLANG_WARN_OBJC_ROOT_CLASS = YES_ERROR;
				CLANG_WARN_UNREACHABLE_CODE = YES;
				CLANG_WARN__DUPLICATE_METHOD_MATCH = YES;
				"CODE_SIGN_IDENTITY[sdk=iphoneos*]" = "iPhone Developer";
				COPY_PHASE_STRIP = NO;
				DEBUG_INFORMATION_FORMAT = "dwarf-with-dsym";
				ENABLE_NS_ASSERTIONS = NO;
				ENABLE_STRICT_OBJC_MSGSEND = YES;
				GCC_C_LANGUAGE_STANDARD = gnu99;
				GCC_NO_COMMON_BLOCKS = YES;
				GCC_WARN_64_TO_32_BIT_CONVERSION = YES;
				GCC_WARN_ABOUT_RETURN_TYPE = YES_ERROR;
				GCC_WARN_UNDECLARED_SELECTOR = YES;
				GCC_WARN_UNINITIALIZED_AUTOS = YES_AGGRESSIVE;
				GCC_WARN_UNUSED_FUNCTION = YES;
				GCC_WARN_UNUSED_VARIABLE = YES;
				IPHONEOS_DEPLOYMENT_TARGET = 9.3;
				MTL_ENABLE_DEBUG_INFO = NO;
				SDKROOT = iphoneos;
				VALIDATE_PRODUCT = YES;
			};
			name = Release;
		};
		4EF161611DB9B9F000934B85 /* Debug */ = {
			isa = XCBuildConfiguration;
			baseConfigurationReference = BC9570B0E244706938252B06 /* Pods-Phlickr.debug.xcconfig */;
			buildSettings = {
				ASSETCATALOG_COMPILER_APPICON_NAME = AppIcon;
				INFOPLIST_FILE = Phlickr/Info.plist;
				LD_RUNPATH_SEARCH_PATHS = "$(inherited) @executable_path/Frameworks";
				PRODUCT_BUNDLE_IDENTIFIER = com.ggn.Phlickr;
				PRODUCT_NAME = "$(TARGET_NAME)";
			};
			name = Debug;
		};
		4EF161621DB9B9F000934B85 /* Release */ = {
			isa = XCBuildConfiguration;
			baseConfigurationReference = 8C0E2350E07655A152E23A1B /* Pods-Phlickr.release.xcconfig */;
			buildSettings = {
				ASSETCATALOG_COMPILER_APPICON_NAME = AppIcon;
				INFOPLIST_FILE = Phlickr/Info.plist;
				LD_RUNPATH_SEARCH_PATHS = "$(inherited) @executable_path/Frameworks";
				PRODUCT_BUNDLE_IDENTIFIER = com.ggn.Phlickr;
				PRODUCT_NAME = "$(TARGET_NAME)";
			};
			name = Release;
		};
/* End XCBuildConfiguration section */

/* Begin XCConfigurationList section */
		4EF161491DB9B9F000934B85 /* Build configuration list for PBXProject "Phlickr" */ = {
			isa = XCConfigurationList;
			buildConfigurations = (
				4EF1615E1DB9B9F000934B85 /* Debug */,
				4EF1615F1DB9B9F000934B85 /* Release */,
			);
			defaultConfigurationIsVisible = 0;
			defaultConfigurationName = Release;
		};
		4EF161601DB9B9F000934B85 /* Build configuration list for PBXNativeTarget "Phlickr" */ = {
			isa = XCConfigurationList;
			buildConfigurations = (
				4EF161611DB9B9F000934B85 /* Debug */,
				4EF161621DB9B9F000934B85 /* Release */,
			);
			defaultConfigurationIsVisible = 0;
			defaultConfigurationName = Release;
		};
/* End XCConfigurationList section */
	};
	rootObject = 4EF161461DB9B9F000934B85 /* Project object */;
}
